
Microsoft Visual Studio Solution File, Format Version 12.00
# Visual Studio Version 17
VisualStudioVersion = 17.8.34309.116
MinimumVisualStudioVersion = 10.0.40219.1
Project("{FAE04EC0-301F-11D3-BF4B-00C04F79EFBC}") = "Tabang-Hub", "Tabang-Hub\Tabang-Hub.csproj", "{C91BF11D-2370-46E0-8461-E1D6FBCBCA76}"
EndProject
Global
	GlobalSection(SolutionConfigurationPlatforms) = preSolution
		Debug|Any CPU = Debug|Any CPU
		Release|Any CPU = Release|Any CPU
	EndGlobalSection
	GlobalSection(ProjectConfigurationPlatforms) = postSolution
		{C91BF11D-2370-46E0-8461-E1D6FBCBCA76}.Debug|Any CPU.ActiveCfg = Debug|Any CPU
		{C91BF11D-2370-46E0-8461-E1D6FBCBCA76}.Debug|Any CPU.Build.0 = Debug|Any CPU
		{C91BF11D-2370-46E0-8461-E1D6FBCBCA76}.Release|Any CPU.ActiveCfg = Release|Any CPU
		{C91BF11D-2370-46E0-8461-E1D6FBCBCA76}.Release|Any CPU.Build.0 = Release|Any CPU
	EndGlobalSection
	GlobalSection(SolutionProperties) = preSolution
		HideSolutionNode = FALSE
	EndGlobalSection
	GlobalSection(ExtensibilityGlobals) = postSolution
		SolutionGuid = {0F234D56-A626-40F4-BB38-D9566C86B92D}
	EndGlobalSection
EndGlobal
